{
  "requires": true,
  "lockfileVersion": 1,
  "dependencies": {
    "node": {
      "version": "13.11.0",
      "resolved": "https://registry.npmjs.org/node/-/node-13.11.0.tgz",
      "integrity": "sha512-kftSfYOxLgD9HxGQ4Ia3srF+2IQWo6SbwCNukKs86ZEtn25fBuppT3A1HhbM2urbLwIfUj13uMjdOn1UYnV4Pw==",
      "requires": {
        "node-bin-setup": "^1.0.0"
      }
    },
    "node-bin-setup": {
      "version": "1.0.6",
      "resolved": "https://registry.npmjs.org/node-bin-setup/-/node-bin-setup-1.0.6.tgz",
      "integrity": "sha512-uPIxXNis1CRbv1DwqAxkgBk5NFV3s7cMN/Gf556jSw6jBvV7ca4F9lRL/8cALcZecRibeqU+5dFYqFFmzv5a0Q=="
    }
  }
}
